
Microsoft Visual Studio Solution File, Format Version 12.00
# Visual Studio Version 16
VisualStudioVersion = 16.0.28803.352
MinimumVisualStudioVersion = 10.0.40219.1
Project("{FAE04EC0-301F-11D3-BF4B-00C04F79EFBC}") = "Prueba CarlosMoya", "Prueba CarlosMoya\Prueba CarlosMoya.csproj", "{B29DA2B5-3A69-4C6E-BD9F-CC5B6DDF8E68}"
EndProject
Global
	GlobalSection(SolutionConfigurationPlatforms) = preSolution
		Debug|Any CPU = Debug|Any CPU
		Release|Any CPU = Release|Any CPU
	EndGlobalSection
	GlobalSection(ProjectConfigurationPlatforms) = postSolution
		{B29DA2B5-3A69-4C6E-BD9F-CC5B6DDF8E68}.Debug|Any CPU.ActiveCfg = Debug|Any CPU
		{B29DA2B5-3A69-4C6E-BD9F-CC5B6DDF8E68}.Debug|Any CPU.Build.0 = Debug|Any CPU
		{B29DA2B5-3A69-4C6E-BD9F-CC5B6DDF8E68}.Release|Any CPU.ActiveCfg = Release|Any CPU
		{B29DA2B5-3A69-4C6E-BD9F-CC5B6DDF8E68}.Release|Any CPU.Build.0 = Release|Any CPU
	EndGlobalSection
	GlobalSection(SolutionProperties) = preSolution
		HideSolutionNode = FALSE
	EndGlobalSection
	GlobalSection(ExtensibilityGlobals) = postSolution
		SolutionGuid = {1A9D09D6-3328-4487-8489-EE4D705B1825}
	EndGlobalSection
EndGlobal
